
Microsoft Visual Studio Solution File, Format Version 12.00
# Visual Studio Version 17
VisualStudioVersion = 17.0.32112.339
MinimumVisualStudioVersion = 10.0.40219.1
Project("{FAE04EC0-301F-11D3-BF4B-00C04F79EFBC}") = "HyPlayer.UWP", "HyPlayer.UWP\HyPlayer.UWP.csproj", "{CE0329DA-6A34-43A9-96DF-AE4374C8D349}"
EndProject
Project("{9A19103F-16F7-4668-BE54-9A1E7A4F7556}") = "HyPlayer.Uta", "HyPlayer.Uta\HyPlayer.Uta.csproj", "{E45E9772-7AA2-443D-8A30-FEB22200490B}"
EndProject
Project("{FAE04EC0-301F-11D3-BF4B-00C04F79EFBC}") = "HyPlayer.AudioGraphService", "HyPlayer.AudioGraphService\HyPlayer.AudioGraphService.csproj", "{32604DCF-52FD-412D-A54C-803978A606D2}"
EndProject
Project("{FAE04EC0-301F-11D3-BF4B-00C04F79EFBC}") = "HyPlayer.NCMProvider", "HyPlayer.NCMProvider\HyPlayer.NCMProvider.csproj", "{454241E5-03DA-4617-91EE-D67175B044C4}"
EndProject
Global
	GlobalSection(SolutionConfigurationPlatforms) = preSolution
		Debug|Any CPU = Debug|Any CPU
		Debug|ARM = Debug|ARM
		Debug|ARM64 = Debug|ARM64
		Debug|x64 = Debug|x64
		Debug|x86 = Debug|x86
		Release|Any CPU = Release|Any CPU
		Release|ARM = Release|ARM
		Release|ARM64 = Release|ARM64
		Release|x64 = Release|x64
		Release|x86 = Release|x86
	EndGlobalSection
	GlobalSection(ProjectConfigurationPlatforms) = postSolution
		{CE0329DA-6A34-43A9-96DF-AE4374C8D349}.Debug|Any CPU.ActiveCfg = Debug|x64
		{CE0329DA-6A34-43A9-96DF-AE4374C8D349}.Debug|Any CPU.Build.0 = Debug|x64
		{CE0329DA-6A34-43A9-96DF-AE4374C8D349}.Debug|Any CPU.Deploy.0 = Debug|x64
		{CE0329DA-6A34-43A9-96DF-AE4374C8D349}.Debug|ARM.ActiveCfg = Debug|ARM
		{CE0329DA-6A34-43A9-96DF-AE4374C8D349}.Debug|ARM.Build.0 = Debug|ARM
		{CE0329DA-6A34-43A9-96DF-AE4374C8D349}.Debug|ARM.Deploy.0 = Debug|ARM
		{CE0329DA-6A34-43A9-96DF-AE4374C8D349}.Debug|ARM64.ActiveCfg = Debug|ARM64
		{CE0329DA-6A34-43A9-96DF-AE4374C8D349}.Debug|ARM64.Build.0 = Debug|ARM64
		{CE0329DA-6A34-43A9-96DF-AE4374C8D349}.Debug|ARM64.Deploy.0 = Debug|ARM64
		{CE0329DA-6A34-43A9-96DF-AE4374C8D349}.Debug|x64.ActiveCfg = Debug|x64
		{CE0329DA-6A34-43A9-96DF-AE4374C8D349}.Debug|x64.Build.0 = Debug|x64
		{CE0329DA-6A34-43A9-96DF-AE4374C8D349}.Debug|x64.Deploy.0 = Debug|x64
		{CE0329DA-6A34-43A9-96DF-AE4374C8D349}.Debug|x86.ActiveCfg = Debug|x86
		{CE0329DA-6A34-43A9-96DF-AE4374C8D349}.Debug|x86.Build.0 = Debug|x86
		{CE0329DA-6A34-43A9-96DF-AE4374C8D349}.Debug|x86.Deploy.0 = Debug|x86
		{CE0329DA-6A34-43A9-96DF-AE4374C8D349}.Release|Any CPU.ActiveCfg = Release|x64
		{CE0329DA-6A34-43A9-96DF-AE4374C8D349}.Release|Any CPU.Build.0 = Release|x64
		{CE0329DA-6A34-43A9-96DF-AE4374C8D349}.Release|Any CPU.Deploy.0 = Release|x64
		{CE0329DA-6A34-43A9-96DF-AE4374C8D349}.Release|ARM.ActiveCfg = Release|ARM
		{CE0329DA-6A34-43A9-96DF-AE4374C8D349}.Release|ARM.Build.0 = Release|ARM
		{CE0329DA-6A34-43A9-96DF-AE4374C8D349}.Release|ARM.Deploy.0 = Release|ARM
		{CE0329DA-6A34-43A9-96DF-AE4374C8D349}.Release|ARM64.ActiveCfg = Release|ARM64
		{CE0329DA-6A34-43A9-96DF-AE4374C8D349}.Release|ARM64.Build.0 = Release|ARM64
		{CE0329DA-6A34-43A9-96DF-AE4374C8D349}.Release|ARM64.Deploy.0 = Release|ARM64
		{CE0329DA-6A34-43A9-96DF-AE4374C8D349}.Release|x64.ActiveCfg = Release|x64
		{CE0329DA-6A34-43A9-96DF-AE4374C8D349}.Release|x64.Build.0 = Release|x64
		{CE0329DA-6A34-43A9-96DF-AE4374C8D349}.Release|x64.Deploy.0 = Release|x64
		{CE0329DA-6A34-43A9-96DF-AE4374C8D349}.Release|x86.ActiveCfg = Release|x86
		{CE0329DA-6A34-43A9-96DF-AE4374C8D349}.Release|x86.Build.0 = Release|x86
		{CE0329DA-6A34-43A9-96DF-AE4374C8D349}.Release|x86.Deploy.0 = Release|x86
		{E45E9772-7AA2-443D-8A30-FEB22200490B}.Debug|Any CPU.ActiveCfg = Debug|Any CPU
		{E45E9772-7AA2-443D-8A30-FEB22200490B}.Debug|Any CPU.Build.0 = Debug|Any CPU
		{E45E9772-7AA2-443D-8A30-FEB22200490B}.Debug|ARM.ActiveCfg = Debug|Any CPU
		{E45E9772-7AA2-443D-8A30-FEB22200490B}.Debug|ARM.Build.0 = Debug|Any CPU
		{E45E9772-7AA2-443D-8A30-FEB22200490B}.Debug|ARM64.ActiveCfg = Debug|Any CPU
		{E45E9772-7AA2-443D-8A30-FEB22200490B}.Debug|ARM64.Build.0 = Debug|Any CPU
		{E45E9772-7AA2-443D-8A30-FEB22200490B}.Debug|x64.ActiveCfg = Debug|Any CPU
		{E45E9772-7AA2-443D-8A30-FEB22200490B}.Debug|x64.Build.0 = Debug|Any CPU
		{E45E9772-7AA2-443D-8A30-FEB22200490B}.Debug|x86.ActiveCfg = Debug|Any CPU
		{E45E9772-7AA2-443D-8A30-FEB22200490B}.Debug|x86.Build.0 = Debug|Any CPU
		{E45E9772-7AA2-443D-8A30-FEB22200490B}.Release|Any CPU.ActiveCfg = Release|Any CPU
		{E45E9772-7AA2-443D-8A30-FEB22200490B}.Release|Any CPU.Build.0 = Release|Any CPU
		{E45E9772-7AA2-443D-8A30-FEB22200490B}.Release|ARM.ActiveCfg = Release|Any CPU
		{E45E9772-7AA2-443D-8A30-FEB22200490B}.Release|ARM.Build.0 = Release|Any CPU
		{E45E9772-7AA2-443D-8A30-FEB22200490B}.Release|ARM64.ActiveCfg = Release|Any CPU
		{E45E9772-7AA2-443D-8A30-FEB22200490B}.Release|ARM64.Build.0 = Release|Any CPU
		{E45E9772-7AA2-443D-8A30-FEB22200490B}.Release|x64.ActiveCfg = Release|Any CPU
		{E45E9772-7AA2-443D-8A30-FEB22200490B}.Release|x64.Build.0 = Release|Any CPU
		{E45E9772-7AA2-443D-8A30-FEB22200490B}.Release|x86.ActiveCfg = Release|Any CPU
		{E45E9772-7AA2-443D-8A30-FEB22200490B}.Release|x86.Build.0 = Release|Any CPU
		{32604DCF-52FD-412D-A54C-803978A606D2}.Debug|Any CPU.ActiveCfg = Debug|Any CPU
		{32604DCF-52FD-412D-A54C-803978A606D2}.Debug|Any CPU.Build.0 = Debug|Any CPU
		{32604DCF-52FD-412D-A54C-803978A606D2}.Debug|ARM.ActiveCfg = Debug|ARM
		{32604DCF-52FD-412D-A54C-803978A606D2}.Debug|ARM.Build.0 = Debug|ARM
		{32604DCF-52FD-412D-A54C-803978A606D2}.Debug|ARM64.ActiveCfg = Debug|ARM64
		{32604DCF-52FD-412D-A54C-803978A606D2}.Debug|ARM64.Build.0 = Debug|ARM64
		{32604DCF-52FD-412D-A54C-803978A606D2}.Debug|x64.ActiveCfg = Debug|x64
		{32604DCF-52FD-412D-A54C-803978A606D2}.Debug|x64.Build.0 = Debug|x64
		{32604DCF-52FD-412D-A54C-803978A606D2}.Debug|x86.ActiveCfg = Debug|x86
		{32604DCF-52FD-412D-A54C-803978A606D2}.Debug|x86.Build.0 = Debug|x86
		{32604DCF-52FD-412D-A54C-803978A606D2}.Release|Any CPU.ActiveCfg = Release|Any CPU
		{32604DCF-52FD-412D-A54C-803978A606D2}.Release|Any CPU.Build.0 = Release|Any CPU
		{32604DCF-52FD-412D-A54C-803978A606D2}.Release|ARM.ActiveCfg = Release|ARM
		{32604DCF-52FD-412D-A54C-803978A606D2}.Release|ARM.Build.0 = Release|ARM
		{32604DCF-52FD-412D-A54C-803978A606D2}.Release|ARM64.ActiveCfg = Release|ARM64
		{32604DCF-52FD-412D-A54C-803978A606D2}.Release|ARM64.Build.0 = Release|ARM64
		{32604DCF-52FD-412D-A54C-803978A606D2}.Release|x64.ActiveCfg = Release|x64
		{32604DCF-52FD-412D-A54C-803978A606D2}.Release|x64.Build.0 = Release|x64
		{32604DCF-52FD-412D-A54C-803978A606D2}.Release|x86.ActiveCfg = Release|x86
		{32604DCF-52FD-412D-A54C-803978A606D2}.Release|x86.Build.0 = Release|x86
		{454241E5-03DA-4617-91EE-D67175B044C4}.Debug|Any CPU.ActiveCfg = Debug|Any CPU
		{454241E5-03DA-4617-91EE-D67175B044C4}.Debug|Any CPU.Build.0 = Debug|Any CPU
		{454241E5-03DA-4617-91EE-D67175B044C4}.Debug|ARM.ActiveCfg = Debug|ARM
		{454241E5-03DA-4617-91EE-D67175B044C4}.Debug|ARM.Build.0 = Debug|ARM
		{454241E5-03DA-4617-91EE-D67175B044C4}.Debug|ARM64.ActiveCfg = Debug|ARM64
		{454241E5-03DA-4617-91EE-D67175B044C4}.Debug|ARM64.Build.0 = Debug|ARM64
		{454241E5-03DA-4617-91EE-D67175B044C4}.Debug|x64.ActiveCfg = Debug|x64
		{454241E5-03DA-4617-91EE-D67175B044C4}.Debug|x64.Build.0 = Debug|x64
		{454241E5-03DA-4617-91EE-D67175B044C4}.Debug|x86.ActiveCfg = Debug|x86
		{454241E5-03DA-4617-91EE-D67175B044C4}.Debug|x86.Build.0 = Debug|x86
		{454241E5-03DA-4617-91EE-D67175B044C4}.Release|Any CPU.ActiveCfg = Release|Any CPU
		{454241E5-03DA-4617-91EE-D67175B044C4}.Release|Any CPU.Build.0 = Release|Any CPU
		{454241E5-03DA-4617-91EE-D67175B044C4}.Release|ARM.ActiveCfg = Release|ARM
		{454241E5-03DA-4617-91EE-D67175B044C4}.Release|ARM.Build.0 = Release|ARM
		{454241E5-03DA-4617-91EE-D67175B044C4}.Release|ARM64.ActiveCfg = Release|ARM64
		{454241E5-03DA-4617-91EE-D67175B044C4}.Release|ARM64.Build.0 = Release|ARM64
		{454241E5-03DA-4617-91EE-D67175B044C4}.Release|x64.ActiveCfg = Release|x64
		{454241E5-03DA-4617-91EE-D67175B044C4}.Release|x64.Build.0 = Release|x64
		{454241E5-03DA-4617-91EE-D67175B044C4}.Release|x86.ActiveCfg = Release|x86
		{454241E5-03DA-4617-91EE-D67175B044C4}.Release|x86.Build.0 = Release|x86
	EndGlobalSection
	GlobalSection(SolutionProperties) = preSolution
		HideSolutionNode = FALSE
	EndGlobalSection
	GlobalSection(ExtensibilityGlobals) = postSolution
		SolutionGuid = {0D5EF811-EB03-4415-A13B-0302B0ED7511}
	EndGlobalSection
EndGlobal
